
Microsoft Visual Studio Solution File, Format Version 12.00
# Visual Studio Version 17
VisualStudioVersion = 17.7.34202.233
MinimumVisualStudioVersion = 10.0.40219.1
Project("{FAE04EC0-301F-11D3-BF4B-00C04F79EFBC}") = "question2", "question2\question2.csproj", "{CDA863A1-78AF-4C9C-8FC7-EBE735D12963}"
EndProject
Global
	GlobalSection(SolutionConfigurationPlatforms) = preSolution
		Debug|Any CPU = Debug|Any CPU
		Release|Any CPU = Release|Any CPU
	EndGlobalSection
	GlobalSection(ProjectConfigurationPlatforms) = postSolution
		{CDA863A1-78AF-4C9C-8FC7-EBE735D12963}.Debug|Any CPU.ActiveCfg = Debug|Any CPU
		{CDA863A1-78AF-4C9C-8FC7-EBE735D12963}.Debug|Any CPU.Build.0 = Debug|Any CPU
		{CDA863A1-78AF-4C9C-8FC7-EBE735D12963}.Release|Any CPU.ActiveCfg = Release|Any CPU
		{CDA863A1-78AF-4C9C-8FC7-EBE735D12963}.Release|Any CPU.Build.0 = Release|Any CPU
	EndGlobalSection
	GlobalSection(SolutionProperties) = preSolution
		HideSolutionNode = FALSE
	EndGlobalSection
	GlobalSection(ExtensibilityGlobals) = postSolution
		SolutionGuid = {ED8B8350-8112-4E3B-A618-1104284780E1}
	EndGlobalSection
EndGlobal
